// !$*UTF8*$!
{
	archiveVersion = 1;
	classes = {
	};
	objectVersion = 46;
	objects = {

/* Begin PBXBuildFile section */
		364EA22F1ACCD38200906B60 /* main.cpp in Sources */ = {isa = PBXBuildFile; fileRef = 364EA22C1ACCD38200906B60 /* main.cpp */; };
		364EA2301ACCD38200906B60 /* ofApp.cpp in Sources */ = {isa = PBXBuildFile; fileRef = 364EA22D1ACCD38200906B60 /* ofApp.cpp */; };
		364EA2371ACCD46000906B60 /* ofxOpenNI.cpp in Sources */ = {isa = PBXBuildFile; fileRef = 364EA2321ACCD46000906B60 /* ofxOpenNI.cpp */; };
		364EA2381ACCD46000906B60 /* ofxOpenNITypes.cpp in Sources */ = {isa = PBXBuildFile; fileRef = 364EA2341ACCD46000906B60 /* ofxOpenNITypes.cpp */; };
		364EA2D31ACCD4A900906B60 /* libnimCodecs.dylib in Frameworks */ = {isa = PBXBuildFile; fileRef = 364EA2C51ACCD4A900906B60 /* libnimCodecs.dylib */; };
		364EA2D41ACCD4A900906B60 /* libnimMockNodes.dylib in Frameworks */ = {isa = PBXBuildFile; fileRef = 364EA2C61ACCD4A900906B60 /* libnimMockNodes.dylib */; };
		364EA2D51ACCD4A900906B60 /* libnimRecorder.dylib in Frameworks */ = {isa = PBXBuildFile; fileRef = 364EA2C71ACCD4A900906B60 /* libnimRecorder.dylib */; };
		364EA2D61ACCD4A900906B60 /* libOpenNI.dylib in Frameworks */ = {isa = PBXBuildFile; fileRef = 364EA2C81ACCD4A900906B60 /* libOpenNI.dylib */; };
		364EA2D71ACCD4A900906B60 /* libusb-1.0.0.dylib in Frameworks */ = {isa = PBXBuildFile; fileRef = 364EA2C91ACCD4A900906B60 /* libusb-1.0.0.dylib */; };
		364EA2D81ACCD4A900906B60 /* libXnCore.dylib in Frameworks */ = {isa = PBXBuildFile; fileRef = 364EA2CA1ACCD4A900906B60 /* libXnCore.dylib */; };
		364EA2D91ACCD4A900906B60 /* libXnDDK.dylib in Frameworks */ = {isa = PBXBuildFile; fileRef = 364EA2CB1ACCD4A900906B60 /* libXnDDK.dylib */; };
		364EA2DA1ACCD4A900906B60 /* libXnDeviceFile.dylib in Frameworks */ = {isa = PBXBuildFile; fileRef = 364EA2CC1ACCD4A900906B60 /* libXnDeviceFile.dylib */; };
		364EA2DB1ACCD4A900906B60 /* libXnDeviceSensorV2KM.dylib in Frameworks */ = {isa = PBXBuildFile; fileRef = 364EA2CD1ACCD4A900906B60 /* libXnDeviceSensorV2KM.dylib */; };
		364EA2DD1ACCD4A900906B60 /* libXnVCNITE_1_5_2.dylib in Frameworks */ = {isa = PBXBuildFile; fileRef = 364EA2CF1ACCD4A900906B60 /* libXnVCNITE_1_5_2.dylib */; };
		364EA2DE1ACCD4AA00906B60 /* libXnVFeatures_1_5_2.dylib in Frameworks */ = {isa = PBXBuildFile; fileRef = 364EA2D01ACCD4A900906B60 /* libXnVFeatures_1_5_2.dylib */; };
		364EA2DF1ACCD4AA00906B60 /* libXnVHandGenerator_1_5_2.dylib in Frameworks */ = {isa = PBXBuildFile; fileRef = 364EA2D11ACCD4A900906B60 /* libXnVHandGenerator_1_5_2.dylib */; };
		364EA2E01ACCD4AA00906B60 /* libXnVNite_1_5_2.dylib in Frameworks */ = {isa = PBXBuildFile; fileRef = 364EA2D21ACCD4A900906B60 /* libXnVNite_1_5_2.dylib */; };
		36D5C2071ACFFB5D00DD325E /* libXnFormats.dylib in Frameworks */ = {isa = PBXBuildFile; fileRef = 36D5C2061ACFFB5D00DD325E /* libXnFormats.dylib */; };
		BBAB23CB13894F3D00AA2426 /* GLUT.framework in CopyFiles */ = {isa = PBXBuildFile; fileRef = BBAB23BE13894E4700AA2426 /* GLUT.framework */; };
		E4328149138ABC9F0047C5CB /* openFrameworksDebug.a in Frameworks */ = {isa = PBXBuildFile; fileRef = E4328148138ABC890047C5CB /* openFrameworksDebug.a */; };
		E45BE97B0E8CC7DD009D7055 /* AGL.framework in Frameworks */ = {isa = PBXBuildFile; fileRef = E45BE9710E8CC7DD009D7055 /* AGL.framework */; };
		E45BE97C0E8CC7DD009D7055 /* ApplicationServices.framework in Frameworks */ = {isa = PBXBuildFile; fileRef = E45BE9720E8CC7DD009D7055 /* ApplicationServices.framework */; };
		E45BE97D0E8CC7DD009D7055 /* AudioToolbox.framework in Frameworks */ = {isa = PBXBuildFile; fileRef = E45BE9730E8CC7DD009D7055 /* AudioToolbox.framework */; };
		E45BE97F0E8CC7DD009D7055 /* CoreAudio.framework in Frameworks */ = {isa = PBXBuildFile; fileRef = E45BE9750E8CC7DD009D7055 /* CoreAudio.framework */; };
		E45BE9800E8CC7DD009D7055 /* CoreFoundation.framework in Frameworks */ = {isa = PBXBuildFile; fileRef = E45BE9760E8CC7DD009D7055 /* CoreFoundation.framework */; };
		E45BE9810E8CC7DD009D7055 /* CoreServices.framework in Frameworks */ = {isa = PBXBuildFile; fileRef = E45BE9770E8CC7DD009D7055 /* CoreServices.framework */; };
		E45BE9830E8CC7DD009D7055 /* OpenGL.framework in Frameworks */ = {isa = PBXBuildFile; fileRef = E45BE9790E8CC7DD009D7055 /* OpenGL.framework */; };
		E45BE9840E8CC7DD009D7055 /* QuickTime.framework in Frameworks */ = {isa = PBXBuildFile; fileRef = E45BE97A0E8CC7DD009D7055 /* QuickTime.framework */; };
		E4C2424710CC5A17004149E2 /* AppKit.framework in Frameworks */ = {isa = PBXBuildFile; fileRef = E4C2424410CC5A17004149E2 /* AppKit.framework */; };
		E4C2424810CC5A17004149E2 /* Cocoa.framework in Frameworks */ = {isa = PBXBuildFile; fileRef = E4C2424510CC5A17004149E2 /* Cocoa.framework */; };
		E4C2424910CC5A17004149E2 /* IOKit.framework in Frameworks */ = {isa = PBXBuildFile; fileRef = E4C2424610CC5A17004149E2 /* IOKit.framework */; };
		E4EB6799138ADC1D00A09F29 /* GLUT.framework in Frameworks */ = {isa = PBXBuildFile; fileRef = BBAB23BE13894E4700AA2426 /* GLUT.framework */; };
		E7E077E515D3B63C0020DFD4 /* CoreVideo.framework in Frameworks */ = {isa = PBXBuildFile; fileRef = E7E077E415D3B63C0020DFD4 /* CoreVideo.framework */; };
		E7E077E815D3B6510020DFD4 /* QTKit.framework in Frameworks */ = {isa = PBXBuildFile; fileRef = E7E077E715D3B6510020DFD4 /* QTKit.framework */; };
		E7F985F815E0DEA3003869B5 /* Accelerate.framework in Frameworks */ = {isa = PBXBuildFile; fileRef = E7F985F515E0DE99003869B5 /* Accelerate.framework */; };
/* End PBXBuildFile section */

/* Begin PBXContainerItemProxy section */
		E4328147138ABC890047C5CB /* PBXContainerItemProxy */ = {
			isa = PBXContainerItemProxy;
			containerPortal = E4328143138ABC890047C5CB /* openFrameworksLib.xcodeproj */;
			proxyType = 2;
			remoteGlobalIDString = E4B27C1510CBEB8E00536013;
			remoteInfo = openFrameworks;
		};
		E4EEB9AB138B136A00A80321 /* PBXContainerItemProxy */ = {
			isa = PBXContainerItemProxy;
			containerPortal = E4328143138ABC890047C5CB /* openFrameworksLib.xcodeproj */;
			proxyType = 1;
			remoteGlobalIDString = E4B27C1410CBEB8E00536013;
			remoteInfo = openFrameworks;
		};
/* End PBXContainerItemProxy section */

/* Begin PBXCopyFilesBuildPhase section */
		E4C2427710CC5ABF004149E2 /* CopyFiles */ = {
			isa = PBXCopyFilesBuildPhase;
			buildActionMask = 2147483647;
			dstPath = "";
			dstSubfolderSpec = 10;
			files = (
				BBAB23CB13894F3D00AA2426 /* GLUT.framework in CopyFiles */,
			);
			runOnlyForDeploymentPostprocessing = 0;
		};
/* End PBXCopyFilesBuildPhase section */

/* Begin PBXFileReference section */
		364EA22C1ACCD38200906B60 /* main.cpp */ = {isa = PBXFileReference; fileEncoding = 4; lastKnownFileType = sourcecode.cpp.cpp; path = main.cpp; sourceTree = "<group>"; };
		364EA22D1ACCD38200906B60 /* ofApp.cpp */ = {isa = PBXFileReference; fileEncoding = 4; lastKnownFileType = sourcecode.cpp.cpp; path = ofApp.cpp; sourceTree = "<group>"; };
		364EA22E1ACCD38200906B60 /* ofApp.h */ = {isa = PBXFileReference; fileEncoding = 4; lastKnownFileType = sourcecode.c.h; path = ofApp.h; sourceTree = "<group>"; };
		364EA2321ACCD46000906B60 /* ofxOpenNI.cpp */ = {isa = PBXFileReference; fileEncoding = 4; lastKnownFileType = sourcecode.cpp.cpp; path = ofxOpenNI.cpp; sourceTree = "<group>"; };
		364EA2331ACCD46000906B60 /* ofxOpenNI.h */ = {isa = PBXFileReference; fileEncoding = 4; lastKnownFileType = sourcecode.c.h; path = ofxOpenNI.h; sourceTree = "<group>"; };
		364EA2341ACCD46000906B60 /* ofxOpenNITypes.cpp */ = {isa = PBXFileReference; fileEncoding = 4; lastKnownFileType = sourcecode.cpp.cpp; path = ofxOpenNITypes.cpp; sourceTree = "<group>"; };
		364EA2351ACCD46000906B60 /* ofxOpenNITypes.h */ = {isa = PBXFileReference; fileEncoding = 4; lastKnownFileType = sourcecode.c.h; path = ofxOpenNITypes.h; sourceTree = "<group>"; };
		364EA2361ACCD46000906B60 /* ofxOpenNIUtils.h */ = {isa = PBXFileReference; fileEncoding = 4; lastKnownFileType = sourcecode.c.h; path = ofxOpenNIUtils.h; sourceTree = "<group>"; };
		364EA23B1ACCD46800906B60 /* libusb.h */ = {isa = PBXFileReference; fileEncoding = 4; lastKnownFileType = sourcecode.c.h; path = libusb.h; sourceTree = "<group>"; };
		364EA23D1ACCD46800906B60 /* XnCommon.h */ = {isa = PBXFileReference; fileEncoding = 4; lastKnownFileType = sourcecode.c.h; path = XnCommon.h; sourceTree = "<group>"; };
		364EA23E1ACCD46800906B60 /* XnV3DVector.h */ = {isa = PBXFileReference; fileEncoding = 4; lastKnownFileType = sourcecode.c.h; path = XnV3DVector.h; sourceTree = "<group>"; };
		364EA23F1ACCD46800906B60 /* XnVActivationMessage.h */ = {isa = PBXFileReference; fileEncoding = 4; lastKnownFileType = sourcecode.c.h; path = XnVActivationMessage.h; sourceTree = "<group>"; };
		364EA2401ACCD46800906B60 /* XnVBroadcaster.h */ = {isa = PBXFileReference; fileEncoding = 4; lastKnownFileType = sourcecode.c.h; path = XnVBroadcaster.h; sourceTree = "<group>"; };
		364EA2411ACCD46800906B60 /* XnVCCMessage.h */ = {isa = PBXFileReference; fileEncoding = 4; lastKnownFileType = sourcecode.c.h; path = XnVCCMessage.h; sourceTree = "<group>"; };
		364EA2421ACCD46800906B60 /* XnVCircle.h */ = {isa = PBXFileReference; fileEncoding = 4; lastKnownFileType = sourcecode.c.h; path = XnVCircle.h; sourceTree = "<group>"; };
		364EA2431ACCD46800906B60 /* XnVCircleDetector.h */ = {isa = PBXFileReference; fileEncoding = 4; lastKnownFileType = sourcecode.c.h; path = XnVCircleDetector.h; sourceTree = "<group>"; };
		364EA2441ACCD46800906B60 /* XnVClickableVirtualPlane.h */ = {isa = PBXFileReference; fileEncoding = 4; lastKnownFileType = sourcecode.c.h; path = XnVClickableVirtualPlane.h; sourceTree = "<group>"; };
		364EA2451ACCD46800906B60 /* XnVComplexMessage.h */ = {isa = PBXFileReference; fileEncoding = 4; lastKnownFileType = sourcecode.c.h; path = XnVComplexMessage.h; sourceTree = "<group>"; };
		364EA2461ACCD46800906B60 /* XnVDepthControl.h */ = {isa = PBXFileReference; fileEncoding = 4; lastKnownFileType = sourcecode.c.h; path = XnVDepthControl.h; sourceTree = "<group>"; };
		364EA2471ACCD46800906B60 /* XnVDepthGenerator.h */ = {isa = PBXFileReference; fileEncoding = 4; lastKnownFileType = sourcecode.c.h; path = XnVDepthGenerator.h; sourceTree = "<group>"; };
		364EA2481ACCD46800906B60 /* XnVDepthMessage.h */ = {isa = PBXFileReference; fileEncoding = 4; lastKnownFileType = sourcecode.c.h; path = XnVDepthMessage.h; sourceTree = "<group>"; };
		364EA2491ACCD46800906B60 /* XnVDeviceControl.h */ = {isa = PBXFileReference; fileEncoding = 4; lastKnownFileType = sourcecode.c.h; path = XnVDeviceControl.h; sourceTree = "<group>"; };
		364EA24A1ACCD46800906B60 /* XnVDeviceFilter.h */ = {isa = PBXFileReference; fileEncoding = 4; lastKnownFileType = sourcecode.c.h; path = XnVDeviceFilter.h; sourceTree = "<group>"; };
		364EA24B1ACCD46800906B60 /* XnVDeviceGenerator.h */ = {isa = PBXFileReference; fileEncoding = 4; lastKnownFileType = sourcecode.c.h; path = XnVDeviceGenerator.h; sourceTree = "<group>"; };
		364EA24C1ACCD46800906B60 /* XnVDeviceMessage.h */ = {isa = PBXFileReference; fileEncoding = 4; lastKnownFileType = sourcecode.c.h; path = XnVDeviceMessage.h; sourceTree = "<group>"; };
		364EA24D1ACCD46800906B60 /* XnVDirection.h */ = {isa = PBXFileReference; fileEncoding = 4; lastKnownFileType = sourcecode.c.h; path = XnVDirection.h; sourceTree = "<group>"; };
		364EA24E1ACCD46800906B60 /* XnVFilter.h */ = {isa = PBXFileReference; fileEncoding = 4; lastKnownFileType = sourcecode.c.h; path = XnVFilter.h; sourceTree = "<group>"; };
		364EA24F1ACCD46800906B60 /* XnVFlowRouter.h */ = {isa = PBXFileReference; fileEncoding = 4; lastKnownFileType = sourcecode.c.h; path = XnVFlowRouter.h; sourceTree = "<group>"; };
		364EA2501ACCD46800906B60 /* XnVGesture.h */ = {isa = PBXFileReference; fileEncoding = 4; lastKnownFileType = sourcecode.c.h; path = XnVGesture.h; sourceTree = "<group>"; };
		364EA2511ACCD46800906B60 /* XnVHandle.h */ = {isa = PBXFileReference; fileEncoding = 4; lastKnownFileType = sourcecode.c.h; path = XnVHandle.h; sourceTree = "<group>"; };
		364EA2521ACCD46800906B60 /* XnVHandPointContext.h */ = {isa = PBXFileReference; fileEncoding = 4; lastKnownFileType = sourcecode.c.h; path = XnVHandPointContext.h; sourceTree = "<group>"; };
		364EA2531ACCD46800906B60 /* XnVImageGenerator.h */ = {isa = PBXFileReference; fileEncoding = 4; lastKnownFileType = sourcecode.c.h; path = XnVImageGenerator.h; sourceTree = "<group>"; };
		364EA2541ACCD46800906B60 /* XnVImageMessage.h */ = {isa = PBXFileReference; fileEncoding = 4; lastKnownFileType = sourcecode.c.h; path = XnVImageMessage.h; sourceTree = "<group>"; };
		364EA2551ACCD46800906B60 /* XnVMathCommon.h */ = {isa = PBXFileReference; fileEncoding = 4; lastKnownFileType = sourcecode.c.h; path = XnVMathCommon.h; sourceTree = "<group>"; };
		364EA2561ACCD46800906B60 /* XnVMessage.h */ = {isa = PBXFileReference; fileEncoding = 4; lastKnownFileType = sourcecode.c.h; path = XnVMessage.h; sourceTree = "<group>"; };
		364EA2571ACCD46800906B60 /* XnVMessageGenerator.h */ = {isa = PBXFileReference; fileEncoding = 4; lastKnownFileType = sourcecode.c.h; path = XnVMessageGenerator.h; sourceTree = "<group>"; };
		364EA2581ACCD46800906B60 /* XnVMessageListener.h */ = {isa = PBXFileReference; fileEncoding = 4; lastKnownFileType = sourcecode.c.h; path = XnVMessageListener.h; sourceTree = "<group>"; };
		364EA2591ACCD46800906B60 /* XnVMessageMux.h */ = {isa = PBXFileReference; fileEncoding = 4; lastKnownFileType = sourcecode.c.h; path = XnVMessageMux.h; sourceTree = "<group>"; };
		364EA25A1ACCD46800906B60 /* XnVMultiItemHysteresis1D.h */ = {isa = PBXFileReference; fileEncoding = 4; lastKnownFileType = sourcecode.c.h; path = XnVMultiItemHysteresis1D.h; sourceTree = "<group>"; };
		364EA25B1ACCD46800906B60 /* XnVMultiItemHysteresis2D.h */ = {isa = PBXFileReference; fileEncoding = 4; lastKnownFileType = sourcecode.c.h; path = XnVMultiItemHysteresis2D.h; sourceTree = "<group>"; };
		364EA25C1ACCD46800906B60 /* XnVMultipleHands.h */ = {isa = PBXFileReference; fileEncoding = 4; lastKnownFileType = sourcecode.c.h; path = XnVMultipleHands.h; sourceTree = "<group>"; };
		364EA25D1ACCD46800906B60 /* XnVMultiProcessFlowClient.h */ = {isa = PBXFileReference; fileEncoding = 4; lastKnownFileType = sourcecode.c.h; path = XnVMultiProcessFlowClient.h; sourceTree = "<group>"; };
		364EA25E1ACCD46800906B60 /* XnVMultiProcessFlowServer.h */ = {isa = PBXFileReference; fileEncoding = 4; lastKnownFileType = sourcecode.c.h; path = XnVMultiProcessFlowServer.h; sourceTree = "<group>"; };
		364EA25F1ACCD46800906B60 /* XnVNite.h */ = {isa = PBXFileReference; fileEncoding = 4; lastKnownFileType = sourcecode.c.h; path = XnVNite.h; sourceTree = "<group>"; };
		364EA2601ACCD46800906B60 /* XnVNiteControls.h */ = {isa = PBXFileReference; fileEncoding = 4; lastKnownFileType = sourcecode.c.h; path = XnVNiteControls.h; sourceTree = "<group>"; };
		364EA2611ACCD46800906B60 /* XnVNiteDefs.h */ = {isa = PBXFileReference; fileEncoding = 4; lastKnownFileType = sourcecode.c.h; path = XnVNiteDefs.h; sourceTree = "<group>"; };
		364EA2621ACCD46800906B60 /* XnVNiteFramework.h */ = {isa = PBXFileReference; fileEncoding = 4; lastKnownFileType = sourcecode.c.h; path = XnVNiteFramework.h; sourceTree = "<group>"; };
		364EA2631ACCD46800906B60 /* XnVNiteLog.h */ = {isa = PBXFileReference; fileEncoding = 4; lastKnownFileType = sourcecode.c.h; path = XnVNiteLog.h; sourceTree = "<group>"; };
		364EA2641ACCD46800906B60 /* XnVNiteStatus.h */ = {isa = PBXFileReference; fileEncoding = 4; lastKnownFileType = sourcecode.c.h; path = XnVNiteStatus.h; sourceTree = "<group>"; };
		364EA2651ACCD46800906B60 /* XnVNiteVersion.h */ = {isa = PBXFileReference; fileEncoding = 4; lastKnownFileType = sourcecode.c.h; path = XnVNiteVersion.h; sourceTree = "<group>"; };
		364EA2661ACCD46800906B60 /* XnVPointArea.h */ = {isa = PBXFileReference; fileEncoding = 4; lastKnownFileType = sourcecode.c.h; path = XnVPointArea.h; sourceTree = "<group>"; };
		364EA2671ACCD46800906B60 /* XnVPointControl.h */ = {isa = PBXFileReference; fileEncoding = 4; lastKnownFileType = sourcecode.c.h; path = XnVPointControl.h; sourceTree = "<group>"; };
		364EA2681ACCD46800906B60 /* XnVPointDenoiser.h */ = {isa = PBXFileReference; fileEncoding = 4; lastKnownFileType = sourcecode.c.h; path = XnVPointDenoiser.h; sourceTree = "<group>"; };
		364EA2691ACCD46800906B60 /* XnVPointFilter.h */ = {isa = PBXFileReference; fileEncoding = 4; lastKnownFileType = sourcecode.c.h; path = XnVPointFilter.h; sourceTree = "<group>"; };
		364EA26A1ACCD46800906B60 /* XnVPointMessage.h */ = {isa = PBXFileReference; fileEncoding = 4; lastKnownFileType = sourcecode.c.h; path = XnVPointMessage.h; sourceTree = "<group>"; };
		364EA26B1ACCD46800906B60 /* XnVPointTracker.h */ = {isa = PBXFileReference; fileEncoding = 4; lastKnownFileType = sourcecode.c.h; path = XnVPointTracker.h; sourceTree = "<group>"; };
		364EA26C1ACCD46800906B60 /* XnVPushDetector.h */ = {isa = PBXFileReference; fileEncoding = 4; lastKnownFileType = sourcecode.c.h; path = XnVPushDetector.h; sourceTree = "<group>"; };
		364EA26D1ACCD46800906B60 /* XnVSelectableSlider1D.h */ = {isa = PBXFileReference; fileEncoding = 4; lastKnownFileType = sourcecode.c.h; path = XnVSelectableSlider1D.h; sourceTree = "<group>"; };
		364EA26E1ACCD46800906B60 /* XnVSelectableSlider2D.h */ = {isa = PBXFileReference; fileEncoding = 4; lastKnownFileType = sourcecode.c.h; path = XnVSelectableSlider2D.h; sourceTree = "<group>"; };
		364EA26F1ACCD46800906B60 /* XnVSessionGenerator.h */ = {isa = PBXFileReference; fileEncoding = 4; lastKnownFileType = sourcecode.c.h; path = XnVSessionGenerator.h; sourceTree = "<group>"; };
		364EA2701ACCD46800906B60 /* XnVSessionListener.h */ = {isa = PBXFileReference; fileEncoding = 4; lastKnownFileType = sourcecode.c.h; path = XnVSessionListener.h; sourceTree = "<group>"; };
		364EA2711ACCD46800906B60 /* XnVSessionManager.h */ = {isa = PBXFileReference; fileEncoding = 4; lastKnownFileType = sourcecode.c.h; path = XnVSessionManager.h; sourceTree = "<group>"; };
		364EA2721ACCD46800906B60 /* XnVSessionMessage.h */ = {isa = PBXFileReference; fileEncoding = 4; lastKnownFileType = sourcecode.c.h; path = XnVSessionMessage.h; sourceTree = "<group>"; };
		364EA2731ACCD46800906B60 /* XnVSlider1D.h */ = {isa = PBXFileReference; fileEncoding = 4; lastKnownFileType = sourcecode.c.h; path = XnVSlider1D.h; sourceTree = "<group>"; };
		364EA2741ACCD46800906B60 /* XnVSlider2D.h */ = {isa = PBXFileReference; fileEncoding = 4; lastKnownFileType = sourcecode.c.h; path = XnVSlider2D.h; sourceTree = "<group>"; };
		364EA2751ACCD46800906B60 /* XnVSlider3D.h */ = {isa = PBXFileReference; fileEncoding = 4; lastKnownFileType = sourcecode.c.h; path = XnVSlider3D.h; sourceTree = "<group>"; };
		364EA2761ACCD46800906B60 /* XnVSteadyDetector.h */ = {isa = PBXFileReference; fileEncoding = 4; lastKnownFileType = sourcecode.c.h; path = XnVSteadyDetector.h; sourceTree = "<group>"; };
		364EA2771ACCD46800906B60 /* XnVSwipeDetector.h */ = {isa = PBXFileReference; fileEncoding = 4; lastKnownFileType = sourcecode.c.h; path = XnVSwipeDetector.h; sourceTree = "<group>"; };
		364EA2781ACCD46800906B60 /* XnVVirtualCoordinates.h */ = {isa = PBXFileReference; fileEncoding = 4; lastKnownFileType = sourcecode.c.h; path = XnVVirtualCoordinates.h; sourceTree = "<group>"; };
		364EA2791ACCD46800906B60 /* XnVWaveDetector.h */ = {isa = PBXFileReference; fileEncoding = 4; lastKnownFileType = sourcecode.c.h; path = XnVWaveDetector.h; sourceTree = "<group>"; };
		364EA27C1ACCD46800906B60 /* XnPlatformAndroid-Arm.h */ = {isa = PBXFileReference; fileEncoding = 4; lastKnownFileType = sourcecode.c.h; path = "XnPlatformAndroid-Arm.h"; sourceTree = "<group>"; };
		364EA27E1ACCD46800906B60 /* XnOSARC.h */ = {isa = PBXFileReference; fileEncoding = 4; lastKnownFileType = sourcecode.c.h; path = XnOSARC.h; sourceTree = "<group>"; };
		364EA27F1ACCD46800906B60 /* XnPlatformARC.h */ = {isa = PBXFileReference; fileEncoding = 4; lastKnownFileType = sourcecode.c.h; path = XnPlatformARC.h; sourceTree = "<group>"; };
		364EA2801ACCD46800906B60 /* IXnNodeAllocator.h */ = {isa = PBXFileReference; fileEncoding = 4; lastKnownFileType = sourcecode.c.h; path = IXnNodeAllocator.h; sourceTree = "<group>"; };
		364EA2821ACCD46800906B60 /* XnPlatformLinux-Arm.h */ = {isa = PBXFileReference; fileEncoding = 4; lastKnownFileType = sourcecode.c.h; path = "XnPlatformLinux-Arm.h"; sourceTree = "<group>"; };
		364EA2841ACCD46800906B60 /* XnOSLinux-x86.h */ = {isa = PBXFileReference; fileEncoding = 4; lastKnownFileType = sourcecode.c.h; path = "XnOSLinux-x86.h"; sourceTree = "<group>"; };
		364EA2851ACCD46800906B60 /* XnPlatformLinux-x86.h */ = {isa = PBXFileReference; fileEncoding = 4; lastKnownFileType = sourcecode.c.h; path = "XnPlatformLinux-x86.h"; sourceTree = "<group>"; };
		364EA2871ACCD46800906B60 /* XnPlatformMacOSX.h */ = {isa = PBXFileReference; fileEncoding = 4; lastKnownFileType = sourcecode.c.h; path = XnPlatformMacOSX.h; sourceTree = "<group>"; };
		364EA28C1ACCD46800906B60 /* XnAlgorithms.h */ = {isa = PBXFileReference; fileEncoding = 4; lastKnownFileType = sourcecode.c.h; path = XnAlgorithms.h; sourceTree = "<group>"; };
		364EA28D1ACCD46800906B60 /* XnArray.h */ = {isa = PBXFileReference; fileEncoding = 4; lastKnownFileType = sourcecode.c.h; path = XnArray.h; sourceTree = "<group>"; };
		364EA28E1ACCD46800906B60 /* XnBaseNode.h */ = {isa = PBXFileReference; fileEncoding = 4; lastKnownFileType = sourcecode.c.h; path = XnBaseNode.h; sourceTree = "<group>"; };
		364EA28F1ACCD46800906B60 /* XnBitSet.h */ = {isa = PBXFileReference; fileEncoding = 4; lastKnownFileType = sourcecode.c.h; path = XnBitSet.h; sourceTree = "<group>"; };
		364EA2901ACCD46800906B60 /* XnCallback.h */ = {isa = PBXFileReference; fileEncoding = 4; lastKnownFileType = sourcecode.c.h; path = XnCallback.h; sourceTree = "<group>"; };
		364EA2911ACCD46800906B60 /* XnCodecIDs.h */ = {isa = PBXFileReference; fileEncoding = 4; lastKnownFileType = sourcecode.c.h; path = XnCodecIDs.h; sourceTree = "<group>"; };
		364EA2921ACCD46800906B60 /* XnContext.h */ = {isa = PBXFileReference; fileEncoding = 4; lastKnownFileType = sourcecode.c.h; path = XnContext.h; sourceTree = "<group>"; };
		364EA2931ACCD46800906B60 /* XnCppWrapper.h */ = {isa = PBXFileReference; fileEncoding = 4; lastKnownFileType = sourcecode.c.h; path = XnCppWrapper.h; sourceTree = "<group>"; };
		364EA2941ACCD46800906B60 /* XnDataTypes.h */ = {isa = PBXFileReference; fileEncoding = 4; lastKnownFileType = sourcecode.c.h; path = XnDataTypes.h; sourceTree = "<group>"; };
		364EA2951ACCD46800906B60 /* XnDerivedCast.h */ = {isa = PBXFileReference; fileEncoding = 4; lastKnownFileType = sourcecode.c.h; path = XnDerivedCast.h; sourceTree = "<group>"; };
		364EA2961ACCD46800906B60 /* XnDump.h */ = {isa = PBXFileReference; fileEncoding = 4; lastKnownFileType = sourcecode.c.h; path = XnDump.h; sourceTree = "<group>"; };
		364EA2971ACCD46800906B60 /* XnDumpWriters.h */ = {isa = PBXFileReference; fileEncoding = 4; lastKnownFileType = sourcecode.c.h; path = XnDumpWriters.h; sourceTree = "<group>"; };
		364EA2981ACCD46800906B60 /* XnEnumerationErrors.h */ = {isa = PBXFileReference; fileEncoding = 4; lastKnownFileType = sourcecode.c.h; path = XnEnumerationErrors.h; sourceTree = "<group>"; };
		364EA2991ACCD46800906B60 /* XnEvent.h */ = {isa = PBXFileReference; fileEncoding = 4; lastKnownFileType = sourcecode.c.h; path = XnEvent.h; sourceTree = "<group>"; };
		364EA29A1ACCD46800906B60 /* XnFPSCalculator.h */ = {isa = PBXFileReference; fileEncoding = 4; lastKnownFileType = sourcecode.c.h; path = XnFPSCalculator.h; sourceTree = "<group>"; };
		364EA29B1ACCD46800906B60 /* XnGeneralBuffer.h */ = {isa = PBXFileReference; fileEncoding = 4; lastKnownFileType = sourcecode.c.h; path = XnGeneralBuffer.h; sourceTree = "<group>"; };
		364EA29C1ACCD46800906B60 /* XnHash.h */ = {isa = PBXFileReference; fileEncoding = 4; lastKnownFileType = sourcecode.c.h; path = XnHash.h; sourceTree = "<group>"; };
		364EA29D1ACCD46800906B60 /* XnInternalDefs.h */ = {isa = PBXFileReference; fileEncoding = 4; lastKnownFileType = sourcecode.c.h; path = XnInternalDefs.h; sourceTree = "<group>"; };
		364EA29E1ACCD46800906B60 /* XnLicensing.h */ = {isa = PBXFileReference; fileEncoding = 4; lastKnownFileType = sourcecode.c.h; path = XnLicensing.h; sourceTree = "<group>"; };
		364EA29F1ACCD46800906B60 /* XnList.h */ = {isa = PBXFileReference; fileEncoding = 4; lastKnownFileType = sourcecode.c.h; path = XnList.h; sourceTree = "<group>"; };
		364EA2A01ACCD46800906B60 /* XnLog.h */ = {isa = PBXFileReference; fileEncoding = 4; lastKnownFileType = sourcecode.c.h; path = XnLog.h; sourceTree = "<group>"; };
		364EA2A11ACCD46800906B60 /* XnLogTypes.h */ = {isa = PBXFileReference; fileEncoding = 4; lastKnownFileType = sourcecode.c.h; path = XnLogTypes.h; sourceTree = "<group>"; };
		364EA2A21ACCD46800906B60 /* XnLogWriterBase.h */ = {isa = PBXFileReference; fileEncoding = 4; lastKnownFileType = sourcecode.c.h; path = XnLogWriterBase.h; sourceTree = "<group>"; };
		364EA2A31ACCD46800906B60 /* XnMacros.h */ = {isa = PBXFileReference; fileEncoding = 4; lastKnownFileType = sourcecode.c.h; path = XnMacros.h; sourceTree = "<group>"; };
		364EA2A41ACCD46800906B60 /* XnModuleCFunctions.h */ = {isa = PBXFileReference; fileEncoding = 4; lastKnownFileType = sourcecode.c.h; path = XnModuleCFunctions.h; sourceTree = "<group>"; };
		364EA2A51ACCD46800906B60 /* XnModuleCppInterface.h */ = {isa = PBXFileReference; fileEncoding = 4; lastKnownFileType = sourcecode.c.h; path = XnModuleCppInterface.h; sourceTree = "<group>"; };
		364EA2A61ACCD46800906B60 /* XnModuleCppRegistratration.h */ = {isa = PBXFileReference; fileEncoding = 4; lastKnownFileType = sourcecode.c.h; path = XnModuleCppRegistratration.h; sourceTree = "<group>"; };
		364EA2A71ACCD46800906B60 /* XnModuleInterface.h */ = {isa = PBXFileReference; fileEncoding = 4; lastKnownFileType = sourcecode.c.h; path = XnModuleInterface.h; sourceTree = "<group>"; };
		364EA2A81ACCD46800906B60 /* XnNode.h */ = {isa = PBXFileReference; fileEncoding = 4; lastKnownFileType = sourcecode.c.h; path = XnNode.h; sourceTree = "<group>"; };
		364EA2A91ACCD46800906B60 /* XnNodeAllocator.h */ = {isa = PBXFileReference; fileEncoding = 4; lastKnownFileType = sourcecode.c.h; path = XnNodeAllocator.h; sourceTree = "<group>"; };
		364EA2AA1ACCD46800906B60 /* XnOpenNI.h */ = {isa = PBXFileReference; fileEncoding = 4; lastKnownFileType = sourcecode.c.h; path = XnOpenNI.h; sourceTree = "<group>"; };
		364EA2AB1ACCD46800906B60 /* XnOS.h */ = {isa = PBXFileReference; fileEncoding = 4; lastKnownFileType = sourcecode.c.h; path = XnOS.h; sourceTree = "<group>"; };
		364EA2AC1ACCD46800906B60 /* XnOSCpp.h */ = {isa = PBXFileReference; fileEncoding = 4; lastKnownFileType = sourcecode.c.h; path = XnOSCpp.h; sourceTree = "<group>"; };
		364EA2AD1ACCD46800906B60 /* XnOSMemory.h */ = {isa = PBXFileReference; fileEncoding = 4; lastKnownFileType = sourcecode.c.h; path = XnOSMemory.h; sourceTree = "<group>"; };
		364EA2AE1ACCD46800906B60 /* XnOSStrings.h */ = {isa = PBXFileReference; fileEncoding = 4; lastKnownFileType = sourcecode.c.h; path = XnOSStrings.h; sourceTree = "<group>"; };
		364EA2AF1ACCD46800906B60 /* XnPlatform.h */ = {isa = PBXFileReference; fileEncoding = 4; lastKnownFileType = sourcecode.c.h; path = XnPlatform.h; sourceTree = "<group>"; };
		364EA2B01ACCD46800906B60 /* XnPrdNode.h */ = {isa = PBXFileReference; fileEncoding = 4; lastKnownFileType = sourcecode.c.h; path = XnPrdNode.h; sourceTree = "<group>"; };
		364EA2B11ACCD46800906B60 /* XnPrdNodeInfo.h */ = {isa = PBXFileReference; fileEncoding = 4; lastKnownFileType = sourcecode.c.h; path = XnPrdNodeInfo.h; sourceTree = "<group>"; };
		364EA2B21ACCD46800906B60 /* XnPrdNodeInfoList.h */ = {isa = PBXFileReference; fileEncoding = 4; lastKnownFileType = sourcecode.c.h; path = XnPrdNodeInfoList.h; sourceTree = "<group>"; };
		364EA2B31ACCD46800906B60 /* XnProfiling.h */ = {isa = PBXFileReference; fileEncoding = 4; lastKnownFileType = sourcecode.c.h; path = XnProfiling.h; sourceTree = "<group>"; };
		364EA2B41ACCD46800906B60 /* XnPropNames.h */ = {isa = PBXFileReference; fileEncoding = 4; lastKnownFileType = sourcecode.c.h; path = XnPropNames.h; sourceTree = "<group>"; };
		364EA2B51ACCD46800906B60 /* XnQueries.h */ = {isa = PBXFileReference; fileEncoding = 4; lastKnownFileType = sourcecode.c.h; path = XnQueries.h; sourceTree = "<group>"; };
		364EA2B61ACCD46800906B60 /* XnQueue.h */ = {isa = PBXFileReference; fileEncoding = 4; lastKnownFileType = sourcecode.c.h; path = XnQueue.h; sourceTree = "<group>"; };
		364EA2B71ACCD46800906B60 /* XnScheduler.h */ = {isa = PBXFileReference; fileEncoding = 4; lastKnownFileType = sourcecode.c.h; path = XnScheduler.h; sourceTree = "<group>"; };
		364EA2B81ACCD46800906B60 /* XnStack.h */ = {isa = PBXFileReference; fileEncoding = 4; lastKnownFileType = sourcecode.c.h; path = XnStack.h; sourceTree = "<group>"; };
		364EA2B91ACCD46800906B60 /* XnStatus.h */ = {isa = PBXFileReference; fileEncoding = 4; lastKnownFileType = sourcecode.c.h; path = XnStatus.h; sourceTree = "<group>"; };
		364EA2BA1ACCD46800906B60 /* XnStatusCodes.h */ = {isa = PBXFileReference; fileEncoding = 4; lastKnownFileType = sourcecode.c.h; path = XnStatusCodes.h; sourceTree = "<group>"; };
		364EA2BB1ACCD46800906B60 /* XnStatusRegister.h */ = {isa = PBXFileReference; fileEncoding = 4; lastKnownFileType = sourcecode.c.h; path = XnStatusRegister.h; sourceTree = "<group>"; };
		364EA2BC1ACCD46800906B60 /* XnStringsHash.h */ = {isa = PBXFileReference; fileEncoding = 4; lastKnownFileType = sourcecode.c.h; path = XnStringsHash.h; sourceTree = "<group>"; };
		364EA2BD1ACCD46800906B60 /* XnThreadSafeQueue.h */ = {isa = PBXFileReference; fileEncoding = 4; lastKnownFileType = sourcecode.c.h; path = XnThreadSafeQueue.h; sourceTree = "<group>"; };
		364EA2BE1ACCD46800906B60 /* XnTypes.h */ = {isa = PBXFileReference; fileEncoding = 4; lastKnownFileType = sourcecode.c.h; path = XnTypes.h; sourceTree = "<group>"; };
		364EA2BF1ACCD46800906B60 /* XnUSB.h */ = {isa = PBXFileReference; fileEncoding = 4; lastKnownFileType = sourcecode.c.h; path = XnUSB.h; sourceTree = "<group>"; };
		364EA2C01ACCD46800906B60 /* XnUSBDevice.h */ = {isa = PBXFileReference; fileEncoding = 4; lastKnownFileType = sourcecode.c.h; path = XnUSBDevice.h; sourceTree = "<group>"; };
		364EA2C11ACCD46800906B60 /* XnUtils.h */ = {isa = PBXFileReference; fileEncoding = 4; lastKnownFileType = sourcecode.c.h; path = XnUtils.h; sourceTree = "<group>"; };
		364EA2C21ACCD46800906B60 /* XnVersion.h */ = {isa = PBXFileReference; fileEncoding = 4; lastKnownFileType = sourcecode.c.h; path = XnVersion.h; sourceTree = "<group>"; };
		364EA2C41ACCD4A900906B60 /* change_exec_paths.sh */ = {isa = PBXFileReference; fileEncoding = 4; lastKnownFileType = text.script.sh; path = change_exec_paths.sh; sourceTree = "<group>"; };
		364EA2C51ACCD4A900906B60 /* libnimCodecs.dylib */ = {isa = PBXFileReference; lastKnownFileType = "compiled.mach-o.dylib"; path = libnimCodecs.dylib; sourceTree = "<group>"; };
		364EA2C61ACCD4A900906B60 /* libnimMockNodes.dylib */ = {isa = PBXFileReference; lastKnownFileType = "compiled.mach-o.dylib"; path = libnimMockNodes.dylib; sourceTree = "<group>"; };
		364EA2C71ACCD4A900906B60 /* libnimRecorder.dylib */ = {isa = PBXFileReference; lastKnownFileType = "compiled.mach-o.dylib"; path = libnimRecorder.dylib; sourceTree = "<group>"; };
		364EA2C81ACCD4A900906B60 /* libOpenNI.dylib */ = {isa = PBXFileReference; lastKnownFileType = "compiled.mach-o.dylib"; path = libOpenNI.dylib; sourceTree = "<group>"; };
		364EA2C91ACCD4A900906B60 /* libusb-1.0.0.dylib */ = {isa = PBXFileReference; lastKnownFileType = "compiled.mach-o.dylib"; path = "libusb-1.0.0.dylib"; sourceTree = "<group>"; };
		364EA2CA1ACCD4A900906B60 /* libXnCore.dylib */ = {isa = PBXFileReference; lastKnownFileType = "compiled.mach-o.dylib"; path = libXnCore.dylib; sourceTree = "<group>"; };
		364EA2CB1ACCD4A900906B60 /* libXnDDK.dylib */ = {isa = PBXFileReference; lastKnownFileType = "compiled.mach-o.dylib"; path = libXnDDK.dylib; sourceTree = "<group>"; };
		364EA2CC1ACCD4A900906B60 /* libXnDeviceFile.dylib */ = {isa = PBXFileReference; lastKnownFileType = "compiled.mach-o.dylib"; path = libXnDeviceFile.dylib; sourceTree = "<group>"; };
		364EA2CD1ACCD4A900906B60 /* libXnDeviceSensorV2KM.dylib */ = {isa = PBXFileReference; lastKnownFileType = "compiled.mach-o.dylib"; path = libXnDeviceSensorV2KM.dylib; sourceTree = "<group>"; };
		364EA2CF1ACCD4A900906B60 /* libXnVCNITE_1_5_2.dylib */ = {isa = PBXFileReference; lastKnownFileType = "compiled.mach-o.dylib"; path = libXnVCNITE_1_5_2.dylib; sourceTree = "<group>"; };
		364EA2D01ACCD4A900906B60 /* libXnVFeatures_1_5_2.dylib */ = {isa = PBXFileReference; lastKnownFileType = "compiled.mach-o.dylib"; path = libXnVFeatures_1_5_2.dylib; sourceTree = "<group>"; };
		364EA2D11ACCD4A900906B60 /* libXnVHandGenerator_1_5_2.dylib */ = {isa = PBXFileReference; lastKnownFileType = "compiled.mach-o.dylib"; path = libXnVHandGenerator_1_5_2.dylib; sourceTree = "<group>"; };
		364EA2D21ACCD4A900906B60 /* libXnVNite_1_5_2.dylib */ = {isa = PBXFileReference; lastKnownFileType = "compiled.mach-o.dylib"; path = libXnVNite_1_5_2.dylib; sourceTree = "<group>"; };
		36D5C2061ACFFB5D00DD325E /* libXnFormats.dylib */ = {isa = PBXFileReference; lastKnownFileType = "compiled.mach-o.dylib"; path = libXnFormats.dylib; sourceTree = "<group>"; };
		BBAB23BE13894E4700AA2426 /* GLUT.framework */ = {isa = PBXFileReference; lastKnownFileType = wrapper.framework; name = GLUT.framework; path = ../../../libs/glut/lib/osx/GLUT.framework; sourceTree = "<group>"; };
		E4328143138ABC890047C5CB /* openFrameworksLib.xcodeproj */ = {isa = PBXFileReference; lastKnownFileType = "wrapper.pb-project"; name = openFrameworksLib.xcodeproj; path = ../../../libs/openFrameworksCompiled/project/osx/openFrameworksLib.xcodeproj; sourceTree = SOURCE_ROOT; };
		E45BE9710E8CC7DD009D7055 /* AGL.framework */ = {isa = PBXFileReference; lastKnownFileType = wrapper.framework; name = AGL.framework; path = /System/Library/Frameworks/AGL.framework; sourceTree = "<absolute>"; };
		E45BE9720E8CC7DD009D7055 /* ApplicationServices.framework */ = {isa = PBXFileReference; lastKnownFileType = wrapper.framework; name = ApplicationServices.framework; path = /System/Library/Frameworks/ApplicationServices.framework; sourceTree = "<absolute>"; };
		E45BE9730E8CC7DD009D7055 /* AudioToolbox.framework */ = {isa = PBXFileReference; lastKnownFileType = wrapper.framework; name = AudioToolbox.framework; path = /System/Library/Frameworks/AudioToolbox.framework; sourceTree = "<absolute>"; };
		E45BE9750E8CC7DD009D7055 /* CoreAudio.framework */ = {isa = PBXFileReference; lastKnownFileType = wrapper.framework; name = CoreAudio.framework; path = /System/Library/Frameworks/CoreAudio.framework; sourceTree = "<absolute>"; };
		E45BE9760E8CC7DD009D7055 /* CoreFoundation.framework */ = {isa = PBXFileReference; lastKnownFileType = wrapper.framework; name = CoreFoundation.framework; path = /System/Library/Frameworks/CoreFoundation.framework; sourceTree = "<absolute>"; };
		E45BE9770E8CC7DD009D7055 /* CoreServices.framework */ = {isa = PBXFileReference; lastKnownFileType = wrapper.framework; name = CoreServices.framework; path = /System/Library/Frameworks/CoreServices.framework; sourceTree = "<absolute>"; };
		E45BE9790E8CC7DD009D7055 /* OpenGL.framework */ = {isa = PBXFileReference; lastKnownFileType = wrapper.framework; name = OpenGL.framework; path = /System/Library/Frameworks/OpenGL.framework; sourceTree = "<absolute>"; };
		E45BE97A0E8CC7DD009D7055 /* QuickTime.framework */ = {isa = PBXFileReference; lastKnownFileType = wrapper.framework; name = QuickTime.framework; path = /System/Library/Frameworks/QuickTime.framework; sourceTree = "<absolute>"; };
		E4B69B5B0A3A1756003C02F2 /* DigitalCanvasGesturesDebug.app */ = {isa = PBXFileReference; explicitFileType = wrapper.application; includeInIndex = 0; path = DigitalCanvasGesturesDebug.app; sourceTree = BUILT_PRODUCTS_DIR; };
		E4B6FCAD0C3E899E008CF71C /* openFrameworks-Info.plist */ = {isa = PBXFileReference; fileEncoding = 30; lastKnownFileType = text.plist.xml; path = "openFrameworks-Info.plist"; sourceTree = "<group>"; };
		E4C2424410CC5A17004149E2 /* AppKit.framework */ = {isa = PBXFileReference; lastKnownFileType = wrapper.framework; name = AppKit.framework; path = /System/Library/Frameworks/AppKit.framework; sourceTree = "<absolute>"; };
		E4C2424510CC5A17004149E2 /* Cocoa.framework */ = {isa = PBXFileReference; lastKnownFileType = wrapper.framework; name = Cocoa.framework; path = /System/Library/Frameworks/Cocoa.framework; sourceTree = "<absolute>"; };
		E4C2424610CC5A17004149E2 /* IOKit.framework */ = {isa = PBXFileReference; lastKnownFileType = wrapper.framework; name = IOKit.framework; path = /System/Library/Frameworks/IOKit.framework; sourceTree = "<absolute>"; };
		E4EB691F138AFCF100A09F29 /* CoreOF.xcconfig */ = {isa = PBXFileReference; fileEncoding = 4; lastKnownFileType = text.xcconfig; name = CoreOF.xcconfig; path = ../../../libs/openFrameworksCompiled/project/osx/CoreOF.xcconfig; sourceTree = SOURCE_ROOT; };
		E4EB6923138AFD0F00A09F29 /* Project.xcconfig */ = {isa = PBXFileReference; fileEncoding = 4; lastKnownFileType = text.xcconfig; path = Project.xcconfig; sourceTree = "<group>"; };
		E7E077E415D3B63C0020DFD4 /* CoreVideo.framework */ = {isa = PBXFileReference; lastKnownFileType = wrapper.framework; name = CoreVideo.framework; path = /System/Library/Frameworks/CoreVideo.framework; sourceTree = "<absolute>"; };
		E7E077E715D3B6510020DFD4 /* QTKit.framework */ = {isa = PBXFileReference; lastKnownFileType = wrapper.framework; name = QTKit.framework; path = /System/Library/Frameworks/QTKit.framework; sourceTree = "<absolute>"; };
		E7F985F515E0DE99003869B5 /* Accelerate.framework */ = {isa = PBXFileReference; lastKnownFileType = wrapper.framework; name = Accelerate.framework; path = /System/Library/Frameworks/Accelerate.framework; sourceTree = "<absolute>"; };
/* End PBXFileReference section */

/* Begin PBXFrameworksBuildPhase section */
		E4B69B590A3A1756003C02F2 /* Frameworks */ = {
			isa = PBXFrameworksBuildPhase;
			buildActionMask = 2147483647;
			files = (
				E7F985F815E0DEA3003869B5 /* Accelerate.framework in Frameworks */,
				E7E077E815D3B6510020DFD4 /* QTKit.framework in Frameworks */,
				364EA2D91ACCD4A900906B60 /* libXnDDK.dylib in Frameworks */,
				E4EB6799138ADC1D00A09F29 /* GLUT.framework in Frameworks */,
				364EA2D71ACCD4A900906B60 /* libusb-1.0.0.dylib in Frameworks */,
				E4328149138ABC9F0047C5CB /* openFrameworksDebug.a in Frameworks */,
				E45BE97B0E8CC7DD009D7055 /* AGL.framework in Frameworks */,
				364EA2E01ACCD4AA00906B60 /* libXnVNite_1_5_2.dylib in Frameworks */,
				364EA2D51ACCD4A900906B60 /* libnimRecorder.dylib in Frameworks */,
				E45BE97C0E8CC7DD009D7055 /* ApplicationServices.framework in Frameworks */,
				364EA2DD1ACCD4A900906B60 /* libXnVCNITE_1_5_2.dylib in Frameworks */,
				E45BE97D0E8CC7DD009D7055 /* AudioToolbox.framework in Frameworks */,
				36D5C2071ACFFB5D00DD325E /* libXnFormats.dylib in Frameworks */,
				E45BE97F0E8CC7DD009D7055 /* CoreAudio.framework in Frameworks */,
				E45BE9800E8CC7DD009D7055 /* CoreFoundation.framework in Frameworks */,
				364EA2D31ACCD4A900906B60 /* libnimCodecs.dylib in Frameworks */,
				364EA2DE1ACCD4AA00906B60 /* libXnVFeatures_1_5_2.dylib in Frameworks */,
				E45BE9810E8CC7DD009D7055 /* CoreServices.framework in Frameworks */,
				364EA2D81ACCD4A900906B60 /* libXnCore.dylib in Frameworks */,
				E45BE9830E8CC7DD009D7055 /* OpenGL.framework in Frameworks */,
				364EA2D61ACCD4A900906B60 /* libOpenNI.dylib in Frameworks */,
				E45BE9840E8CC7DD009D7055 /* QuickTime.framework in Frameworks */,
				364EA2D41ACCD4A900906B60 /* libnimMockNodes.dylib in Frameworks */,
				364EA2DB1ACCD4A900906B60 /* libXnDeviceSensorV2KM.dylib in Frameworks */,
				E4C2424710CC5A17004149E2 /* AppKit.framework in Frameworks */,
				364EA2DA1ACCD4A900906B60 /* libXnDeviceFile.dylib in Frameworks */,
				E4C2424810CC5A17004149E2 /* Cocoa.framework in Frameworks */,
				364EA2DF1ACCD4AA00906B60 /* libXnVHandGenerator_1_5_2.dylib in Frameworks */,
				E4C2424910CC5A17004149E2 /* IOKit.framework in Frameworks */,
				E7E077E515D3B63C0020DFD4 /* CoreVideo.framework in Frameworks */,
			);
			runOnlyForDeploymentPostprocessing = 0;
		};
/* End PBXFrameworksBuildPhase section */

/* Begin PBXGroup section */
		364EA2311ACCD46000906B60 /* src */ = {
			isa = PBXGroup;
			children = (
				364EA2321ACCD46000906B60 /* ofxOpenNI.cpp */,
				364EA2331ACCD46000906B60 /* ofxOpenNI.h */,
				364EA2341ACCD46000906B60 /* ofxOpenNITypes.cpp */,
				364EA2351ACCD46000906B60 /* ofxOpenNITypes.h */,
				364EA2361ACCD46000906B60 /* ofxOpenNIUtils.h */,
			);
			name = src;
			path = "ofxOpenNI-master/src";
			sourceTree = "<group>";
		};
		364EA2391ACCD46800906B60 /* include */ = {
			isa = PBXGroup;
			children = (
				364EA23A1ACCD46800906B60 /* libusb */,
				364EA23C1ACCD46800906B60 /* nite */,
				364EA27A1ACCD46800906B60 /* openni */,
			);
			name = include;
			path = "ofxOpenNI-master/include";
			sourceTree = "<group>";
		};
		364EA23A1ACCD46800906B60 /* libusb */ = {
			isa = PBXGroup;
			children = (
				364EA23B1ACCD46800906B60 /* libusb.h */,
			);
			path = libusb;
			sourceTree = "<group>";
		};
		364EA23C1ACCD46800906B60 /* nite */ = {
			isa = PBXGroup;
			children = (
				364EA23D1ACCD46800906B60 /* XnCommon.h */,
				364EA23E1ACCD46800906B60 /* XnV3DVector.h */,
				364EA23F1ACCD46800906B60 /* XnVActivationMessage.h */,
				364EA2401ACCD46800906B60 /* XnVBroadcaster.h */,
				364EA2411ACCD46800906B60 /* XnVCCMessage.h */,
				364EA2421ACCD46800906B60 /* XnVCircle.h */,
				364EA2431ACCD46800906B60 /* XnVCircleDetector.h */,
				364EA2441ACCD46800906B60 /* XnVClickableVirtualPlane.h */,
				364EA2451ACCD46800906B60 /* XnVComplexMessage.h */,
				364EA2461ACCD46800906B60 /* XnVDepthControl.h */,
				364EA2471ACCD46800906B60 /* XnVDepthGenerator.h */,
				364EA2481ACCD46800906B60 /* XnVDepthMessage.h */,
				364EA2491ACCD46800906B60 /* XnVDeviceControl.h */,
				364EA24A1ACCD46800906B60 /* XnVDeviceFilter.h */,
				364EA24B1ACCD46800906B60 /* XnVDeviceGenerator.h */,
				364EA24C1ACCD46800906B60 /* XnVDeviceMessage.h */,
				364EA24D1ACCD46800906B60 /* XnVDirection.h */,
				364EA24E1ACCD46800906B60 /* XnVFilter.h */,
				364EA24F1ACCD46800906B60 /* XnVFlowRouter.h */,
				364EA2501ACCD46800906B60 /* XnVGesture.h */,
				364EA2511ACCD46800906B60 /* XnVHandle.h */,
				364EA2521ACCD46800906B60 /* XnVHandPointContext.h */,
				364EA2531ACCD46800906B60 /* XnVImageGenerator.h */,
				364EA2541ACCD46800906B60 /* XnVImageMessage.h */,
				364EA2551ACCD46800906B60 /* XnVMathCommon.h */,
				364EA2561ACCD46800906B60 /* XnVMessage.h */,
				364EA2571ACCD46800906B60 /* XnVMessageGenerator.h */,
				364EA2581ACCD46800906B60 /* XnVMessageListener.h */,
				364EA2591ACCD46800906B60 /* XnVMessageMux.h */,
				364EA25A1ACCD46800906B60 /* XnVMultiItemHysteresis1D.h */,
				364EA25B1ACCD46800906B60 /* XnVMultiItemHysteresis2D.h */,
				364EA25C1ACCD46800906B60 /* XnVMultipleHands.h */,
				364EA25D1ACCD46800906B60 /* XnVMultiProcessFlowClient.h */,
				364EA25E1ACCD46800906B60 /* XnVMultiProcessFlowServer.h */,
				364EA25F1ACCD46800906B60 /* XnVNite.h */,
				364EA2601ACCD46800906B60 /* XnVNiteControls.h */,
				364EA2611ACCD46800906B60 /* XnVNiteDefs.h */,
				364EA2621ACCD46800906B60 /* XnVNiteFramework.h */,
				364EA2631ACCD46800906B60 /* XnVNiteLog.h */,
				364EA2641ACCD46800906B60 /* XnVNiteStatus.h */,
				364EA2651ACCD46800906B60 /* XnVNiteVersion.h */,
				364EA2661ACCD46800906B60 /* XnVPointArea.h */,
				364EA2671ACCD46800906B60 /* XnVPointControl.h */,
				364EA2681ACCD46800906B60 /* XnVPointDenoiser.h */,
				364EA2691ACCD46800906B60 /* XnVPointFilter.h */,
				364EA26A1ACCD46800906B60 /* XnVPointMessage.h */,
				364EA26B1ACCD46800906B60 /* XnVPointTracker.h */,
				364EA26C1ACCD46800906B60 /* XnVPushDetector.h */,
				364EA26D1ACCD46800906B60 /* XnVSelectableSlider1D.h */,
				364EA26E1ACCD46800906B60 /* XnVSelectableSlider2D.h */,
				364EA26F1ACCD46800906B60 /* XnVSessionGenerator.h */,
				364EA2701ACCD46800906B60 /* XnVSessionListener.h */,
				364EA2711ACCD46800906B60 /* XnVSessionManager.h */,
				364EA2721ACCD46800906B60 /* XnVSessionMessage.h */,
				364EA2731ACCD46800906B60 /* XnVSlider1D.h */,
				364EA2741ACCD46800906B60 /* XnVSlider2D.h */,
				364EA2751ACCD46800906B60 /* XnVSlider3D.h */,
				364EA2761ACCD46800906B60 /* XnVSteadyDetector.h */,
				364EA2771ACCD46800906B60 /* XnVSwipeDetector.h */,
				364EA2781ACCD46800906B60 /* XnVVirtualCoordinates.h */,
				364EA2791ACCD46800906B60 /* XnVWaveDetector.h */,
			);
			path = nite;
			sourceTree = "<group>";
		};
		364EA27A1ACCD46800906B60 /* openni */ = {
			isa = PBXGroup;
			children = (
				364EA27B1ACCD46800906B60 /* Android-Arm */,
				364EA27D1ACCD46800906B60 /* ARC */,
				364EA2801ACCD46800906B60 /* IXnNodeAllocator.h */,
				364EA2811ACCD46800906B60 /* Linux-Arm */,
				364EA2831ACCD46800906B60 /* Linux-x86 */,
				364EA2861ACCD46800906B60 /* MacOSX */,
				364EA28C1ACCD46800906B60 /* XnAlgorithms.h */,
				364EA28D1ACCD46800906B60 /* XnArray.h */,
				364EA28E1ACCD46800906B60 /* XnBaseNode.h */,
				364EA28F1ACCD46800906B60 /* XnBitSet.h */,
				364EA2901ACCD46800906B60 /* XnCallback.h */,
				364EA2911ACCD46800906B60 /* XnCodecIDs.h */,
				364EA2921ACCD46800906B60 /* XnContext.h */,
				364EA2931ACCD46800906B60 /* XnCppWrapper.h */,
				364EA2941ACCD46800906B60 /* XnDataTypes.h */,
				364EA2951ACCD46800906B60 /* XnDerivedCast.h */,
				364EA2961ACCD46800906B60 /* XnDump.h */,
				364EA2971ACCD46800906B60 /* XnDumpWriters.h */,
				364EA2981ACCD46800906B60 /* XnEnumerationErrors.h */,
				364EA2991ACCD46800906B60 /* XnEvent.h */,
				364EA29A1ACCD46800906B60 /* XnFPSCalculator.h */,
				364EA29B1ACCD46800906B60 /* XnGeneralBuffer.h */,
				364EA29C1ACCD46800906B60 /* XnHash.h */,
				364EA29D1ACCD46800906B60 /* XnInternalDefs.h */,
				364EA29E1ACCD46800906B60 /* XnLicensing.h */,
				364EA29F1ACCD46800906B60 /* XnList.h */,
				364EA2A01ACCD46800906B60 /* XnLog.h */,
				364EA2A11ACCD46800906B60 /* XnLogTypes.h */,
				364EA2A21ACCD46800906B60 /* XnLogWriterBase.h */,
				364EA2A31ACCD46800906B60 /* XnMacros.h */,
				364EA2A41ACCD46800906B60 /* XnModuleCFunctions.h */,
				364EA2A51ACCD46800906B60 /* XnModuleCppInterface.h */,
				364EA2A61ACCD46800906B60 /* XnModuleCppRegistratration.h */,
				364EA2A71ACCD46800906B60 /* XnModuleInterface.h */,
				364EA2A81ACCD46800906B60 /* XnNode.h */,
				364EA2A91ACCD46800906B60 /* XnNodeAllocator.h */,
				364EA2AA1ACCD46800906B60 /* XnOpenNI.h */,
				364EA2AB1ACCD46800906B60 /* XnOS.h */,
				364EA2AC1ACCD46800906B60 /* XnOSCpp.h */,
				364EA2AD1ACCD46800906B60 /* XnOSMemory.h */,
				364EA2AE1ACCD46800906B60 /* XnOSStrings.h */,
				364EA2AF1ACCD46800906B60 /* XnPlatform.h */,
				364EA2B01ACCD46800906B60 /* XnPrdNode.h */,
				364EA2B11ACCD46800906B60 /* XnPrdNodeInfo.h */,
				364EA2B21ACCD46800906B60 /* XnPrdNodeInfoList.h */,
				364EA2B31ACCD46800906B60 /* XnProfiling.h */,
				364EA2B41ACCD46800906B60 /* XnPropNames.h */,
				364EA2B51ACCD46800906B60 /* XnQueries.h */,
				364EA2B61ACCD46800906B60 /* XnQueue.h */,
				364EA2B71ACCD46800906B60 /* XnScheduler.h */,
				364EA2B81ACCD46800906B60 /* XnStack.h */,
				364EA2B91ACCD46800906B60 /* XnStatus.h */,
				364EA2BA1ACCD46800906B60 /* XnStatusCodes.h */,
				364EA2BB1ACCD46800906B60 /* XnStatusRegister.h */,
				364EA2BC1ACCD46800906B60 /* XnStringsHash.h */,
				364EA2BD1ACCD46800906B60 /* XnThreadSafeQueue.h */,
				364EA2BE1ACCD46800906B60 /* XnTypes.h */,
				364EA2BF1ACCD46800906B60 /* XnUSB.h */,
				364EA2C01ACCD46800906B60 /* XnUSBDevice.h */,
				364EA2C11ACCD46800906B60 /* XnUtils.h */,
				364EA2C21ACCD46800906B60 /* XnVersion.h */,
			);
			path = openni;
			sourceTree = "<group>";
		};
		364EA27B1ACCD46800906B60 /* Android-Arm */ = {
			isa = PBXGroup;
			children = (
				364EA27C1ACCD46800906B60 /* XnPlatformAndroid-Arm.h */,
			);
			path = "Android-Arm";
			sourceTree = "<group>";
		};
		364EA27D1ACCD46800906B60 /* ARC */ = {
			isa = PBXGroup;
			children = (
				364EA27E1ACCD46800906B60 /* XnOSARC.h */,
				364EA27F1ACCD46800906B60 /* XnPlatformARC.h */,
			);
			path = ARC;
			sourceTree = "<group>";
		};
		364EA2811ACCD46800906B60 /* Linux-Arm */ = {
			isa = PBXGroup;
			children = (
				364EA2821ACCD46800906B60 /* XnPlatformLinux-Arm.h */,
			);
			path = "Linux-Arm";
			sourceTree = "<group>";
		};
		364EA2831ACCD46800906B60 /* Linux-x86 */ = {
			isa = PBXGroup;
			children = (
				364EA2841ACCD46800906B60 /* XnOSLinux-x86.h */,
				364EA2851ACCD46800906B60 /* XnPlatformLinux-x86.h */,
			);
			path = "Linux-x86";
			sourceTree = "<group>";
		};
		364EA2861ACCD46800906B60 /* MacOSX */ = {
			isa = PBXGroup;
			children = (
				364EA2871ACCD46800906B60 /* XnPlatformMacOSX.h */,
			);
			path = MacOSX;
			sourceTree = "<group>";
		};
		364EA2C31ACCD4A900906B60 /* lib */ = {
			isa = PBXGroup;
			children = (
				364EA2C41ACCD4A900906B60 /* change_exec_paths.sh */,
				364EA2C51ACCD4A900906B60 /* libnimCodecs.dylib */,
				364EA2C61ACCD4A900906B60 /* libnimMockNodes.dylib */,
				364EA2C71ACCD4A900906B60 /* libnimRecorder.dylib */,
				364EA2C81ACCD4A900906B60 /* libOpenNI.dylib */,
				364EA2C91ACCD4A900906B60 /* libusb-1.0.0.dylib */,
				36D5C2061ACFFB5D00DD325E /* libXnFormats.dylib */,
				364EA2CA1ACCD4A900906B60 /* libXnCore.dylib */,
				364EA2CB1ACCD4A900906B60 /* libXnDDK.dylib */,
				364EA2CC1ACCD4A900906B60 /* libXnDeviceFile.dylib */,
				364EA2CD1ACCD4A900906B60 /* libXnDeviceSensorV2KM.dylib */,
				364EA2CF1ACCD4A900906B60 /* libXnVCNITE_1_5_2.dylib */,
				364EA2D01ACCD4A900906B60 /* libXnVFeatures_1_5_2.dylib */,
				364EA2D11ACCD4A900906B60 /* libXnVHandGenerator_1_5_2.dylib */,
				364EA2D21ACCD4A900906B60 /* libXnVNite_1_5_2.dylib */,
			);
			name = lib;
			path = "ofxOpenNI-master/lib";
			sourceTree = "<group>";
		};
		BB4B014C10F69532006C3DED /* addons */ = {
			isa = PBXGroup;
			children = (
				364EA2C31ACCD4A900906B60 /* lib */,
				364EA2391ACCD46800906B60 /* include */,
				364EA2311ACCD46000906B60 /* src */,
			);
			name = addons;
			sourceTree = "<group>";
		};
		BBAB23C913894ECA00AA2426 /* system frameworks */ = {
			isa = PBXGroup;
			children = (
				E7F985F515E0DE99003869B5 /* Accelerate.framework */,
				E4C2424410CC5A17004149E2 /* AppKit.framework */,
				E4C2424510CC5A17004149E2 /* Cocoa.framework */,
				E4C2424610CC5A17004149E2 /* IOKit.framework */,
				E45BE9710E8CC7DD009D7055 /* AGL.framework */,
				E45BE9720E8CC7DD009D7055 /* ApplicationServices.framework */,
				E45BE9730E8CC7DD009D7055 /* AudioToolbox.framework */,
				E45BE9750E8CC7DD009D7055 /* CoreAudio.framework */,
				E45BE9760E8CC7DD009D7055 /* CoreFoundation.framework */,
				E45BE9770E8CC7DD009D7055 /* CoreServices.framework */,
				E45BE9790E8CC7DD009D7055 /* OpenGL.framework */,
				E45BE97A0E8CC7DD009D7055 /* QuickTime.framework */,
				E7E077E415D3B63C0020DFD4 /* CoreVideo.framework */,
				E7E077E715D3B6510020DFD4 /* QTKit.framework */,
			);
			name = "system frameworks";
			sourceTree = "<group>";
		};
		BBAB23CA13894EDB00AA2426 /* 3rd party frameworks */ = {
			isa = PBXGroup;
			children = (
				BBAB23BE13894E4700AA2426 /* GLUT.framework */,
			);
			name = "3rd party frameworks";
			sourceTree = "<group>";
		};
		E4328144138ABC890047C5CB /* Products */ = {
			isa = PBXGroup;
			children = (
				E4328148138ABC890047C5CB /* openFrameworksDebug.a */,
			);
			name = Products;
			sourceTree = "<group>";
		};
		E45BE5980E8CC70C009D7055 /* frameworks */ = {
			isa = PBXGroup;
			children = (
				BBAB23CA13894EDB00AA2426 /* 3rd party frameworks */,
				BBAB23C913894ECA00AA2426 /* system frameworks */,
			);
			name = frameworks;
			sourceTree = "<group>";
		};
		E4B69B4A0A3A1720003C02F2 = {
			isa = PBXGroup;
			children = (
				E4B6FCAD0C3E899E008CF71C /* openFrameworks-Info.plist */,
				E4EB6923138AFD0F00A09F29 /* Project.xcconfig */,
				E4B69E1C0A3A1BDC003C02F2 /* src */,
				E4EEC9E9138DF44700A80321 /* openFrameworks */,
				BB4B014C10F69532006C3DED /* addons */,
				E45BE5980E8CC70C009D7055 /* frameworks */,
				E4B69B5B0A3A1756003C02F2 /* DigitalCanvasGesturesDebug.app */,
			);
			sourceTree = "<group>";
		};
		E4B69E1C0A3A1BDC003C02F2 /* src */ = {
			isa = PBXGroup;
			children = (
				364EA22C1ACCD38200906B60 /* main.cpp */,
				364EA22D1ACCD38200906B60 /* ofApp.cpp */,
				364EA22E1ACCD38200906B60 /* ofApp.h */,
			);
			path = src;
			sourceTree = SOURCE_ROOT;
		};
		E4EEC9E9138DF44700A80321 /* openFrameworks */ = {
			isa = PBXGroup;
			children = (
				E4EB691F138AFCF100A09F29 /* CoreOF.xcconfig */,
				E4328143138ABC890047C5CB /* openFrameworksLib.xcodeproj */,
			);
			name = openFrameworks;
			path = ../../../libs/openFrameworks;
			sourceTree = "<group>";
		};
/* End PBXGroup section */

/* Begin PBXNativeTarget section */
		E4B69B5A0A3A1756003C02F2 /* DigitalCanvasGestures */ = {
			isa = PBXNativeTarget;
			buildConfigurationList = E4B69B5F0A3A1757003C02F2 /* Build configuration list for PBXNativeTarget "DigitalCanvasGestures" */;
			buildPhases = (
				E4B69B580A3A1756003C02F2 /* Sources */,
				E4B69B590A3A1756003C02F2 /* Frameworks */,
				E4B6FFFD0C3F9AB9008CF71C /* ShellScript */,
				E4C2427710CC5ABF004149E2 /* CopyFiles */,
			);
			buildRules = (
			);
			dependencies = (
				E4EEB9AC138B136A00A80321 /* PBXTargetDependency */,
			);
			name = DigitalCanvasGestures;
			productName = myOFApp;
			productReference = E4B69B5B0A3A1756003C02F2 /* DigitalCanvasGesturesDebug.app */;
			productType = "com.apple.product-type.application";
		};
/* End PBXNativeTarget section */

/* Begin PBXProject section */
		E4B69B4C0A3A1720003C02F2 /* Project object */ = {
			isa = PBXProject;
			attributes = {
				LastUpgradeCheck = 0460;
			};
			buildConfigurationList = E4B69B4D0A3A1720003C02F2 /* Build configuration list for PBXProject "DigitalCanvasGestures" */;
			compatibilityVersion = "Xcode 3.2";
			developmentRegion = English;
			hasScannedForEncodings = 0;
			knownRegions = (
				English,
				Japanese,
				French,
				German,
			);
			mainGroup = E4B69B4A0A3A1720003C02F2;
			productRefGroup = E4B69B4A0A3A1720003C02F2;
			projectDirPath = "";
			projectReferences = (
				{
					ProductGroup = E4328144138ABC890047C5CB /* Products */;
					ProjectRef = E4328143138ABC890047C5CB /* openFrameworksLib.xcodeproj */;
				},
			);
			projectRoot = "";
			targets = (
				E4B69B5A0A3A1756003C02F2 /* DigitalCanvasGestures */,
			);
		};
/* End PBXProject section */

/* Begin PBXReferenceProxy section */
		E4328148138ABC890047C5CB /* openFrameworksDebug.a */ = {
			isa = PBXReferenceProxy;
			fileType = archive.ar;
			path = openFrameworksDebug.a;
			remoteRef = E4328147138ABC890047C5CB /* PBXContainerItemProxy */;
			sourceTree = BUILT_PRODUCTS_DIR;
		};
/* End PBXReferenceProxy section */

/* Begin PBXShellScriptBuildPhase section */
		E4B6FFFD0C3F9AB9008CF71C /* ShellScript */ = {
			isa = PBXShellScriptBuildPhase;
			buildActionMask = 2147483647;
			files = (
			);
			inputPaths = (
			);
			outputPaths = (
			);
			runOnlyForDeploymentPostprocessing = 0;
			shellPath = /bin/sh;
			shellScript = "cp -f ../../../libs/fmodex/lib/osx/libfmodex.dylib \"$TARGET_BUILD_DIR/$PRODUCT_NAME.app/Contents/MacOS/libfmodex.dylib\"; install_name_tool -change ./libfmodex.dylib @executable_path/libfmodex.dylib \"$TARGET_BUILD_DIR/$PRODUCT_NAME.app/Contents/MacOS/$PRODUCT_NAME\";\nmkdir -p \"$TARGET_BUILD_DIR/$PRODUCT_NAME.app/Contents/Resources/\"\ncp -f \"$ICON_FILE\" \"$TARGET_BUILD_DIR/$PRODUCT_NAME.app/Contents/Resources/\"\n";
		};
/* End PBXShellScriptBuildPhase section */

/* Begin PBXSourcesBuildPhase section */
		E4B69B580A3A1756003C02F2 /* Sources */ = {
			isa = PBXSourcesBuildPhase;
			buildActionMask = 2147483647;
			files = (
				364EA2371ACCD46000906B60 /* ofxOpenNI.cpp in Sources */,
				364EA2301ACCD38200906B60 /* ofApp.cpp in Sources */,
				364EA2381ACCD46000906B60 /* ofxOpenNITypes.cpp in Sources */,
				364EA22F1ACCD38200906B60 /* main.cpp in Sources */,
			);
			runOnlyForDeploymentPostprocessing = 0;
		};
/* End PBXSourcesBuildPhase section */

/* Begin PBXTargetDependency section */
		E4EEB9AC138B136A00A80321 /* PBXTargetDependency */ = {
			isa = PBXTargetDependency;
			name = openFrameworks;
			targetProxy = E4EEB9AB138B136A00A80321 /* PBXContainerItemProxy */;
		};
/* End PBXTargetDependency section */

/* Begin XCBuildConfiguration section */
		E4B69B4E0A3A1720003C02F2 /* Debug */ = {
			isa = XCBuildConfiguration;
			baseConfigurationReference = E4EB6923138AFD0F00A09F29 /* Project.xcconfig */;
			buildSettings = {
				ARCHS = "$(NATIVE_ARCH)";
				CONFIGURATION_BUILD_DIR = "$(SRCROOT)/bin/";
				COPY_PHASE_STRIP = NO;
				DEAD_CODE_STRIPPING = YES;
				GCC_AUTO_VECTORIZATION = YES;
				GCC_ENABLE_SSE3_EXTENSIONS = YES;
				GCC_ENABLE_SUPPLEMENTAL_SSE3_INSTRUCTIONS = YES;
				GCC_INLINES_ARE_PRIVATE_EXTERN = NO;
				GCC_OPTIMIZATION_LEVEL = 0;
				GCC_SYMBOLS_PRIVATE_EXTERN = NO;
				GCC_WARN_ABOUT_DEPRECATED_FUNCTIONS = YES;
				GCC_WARN_ABOUT_INVALID_OFFSETOF_MACRO = NO;
				GCC_WARN_ALLOW_INCOMPLETE_PROTOCOL = NO;
				GCC_WARN_UNINITIALIZED_AUTOS = NO;
				GCC_WARN_UNUSED_VALUE = NO;
				GCC_WARN_UNUSED_VARIABLE = NO;
				MACOSX_DEPLOYMENT_TARGET = 10.6;
				OTHER_CPLUSPLUSFLAGS = (
					"-D__MACOSX_CORE__",
					"-lpthread",
					"-mtune=native",
				);
				SDKROOT = macosx;
			};
			name = Debug;
		};
		E4B69B4F0A3A1720003C02F2 /* Release */ = {
			isa = XCBuildConfiguration;
			baseConfigurationReference = E4EB6923138AFD0F00A09F29 /* Project.xcconfig */;
			buildSettings = {
				ARCHS = "$(NATIVE_ARCH)";
				CONFIGURATION_BUILD_DIR = "$(SRCROOT)/bin/";
				COPY_PHASE_STRIP = YES;
				DEAD_CODE_STRIPPING = YES;
				GCC_AUTO_VECTORIZATION = YES;
				GCC_ENABLE_SSE3_EXTENSIONS = YES;
				GCC_ENABLE_SUPPLEMENTAL_SSE3_INSTRUCTIONS = YES;
				GCC_INLINES_ARE_PRIVATE_EXTERN = NO;
				GCC_OPTIMIZATION_LEVEL = 3;
				GCC_SYMBOLS_PRIVATE_EXTERN = NO;
				GCC_UNROLL_LOOPS = YES;
				GCC_WARN_ABOUT_DEPRECATED_FUNCTIONS = YES;
				GCC_WARN_ABOUT_INVALID_OFFSETOF_MACRO = NO;
				GCC_WARN_ALLOW_INCOMPLETE_PROTOCOL = NO;
				GCC_WARN_UNINITIALIZED_AUTOS = NO;
				GCC_WARN_UNUSED_VALUE = NO;
				GCC_WARN_UNUSED_VARIABLE = NO;
				MACOSX_DEPLOYMENT_TARGET = 10.6;
				OTHER_CPLUSPLUSFLAGS = (
					"-D__MACOSX_CORE__",
					"-lpthread",
					"-mtune=native",
				);
				SDKROOT = macosx;
			};
			name = Release;
		};
		E4B69B600A3A1757003C02F2 /* Debug */ = {
			isa = XCBuildConfiguration;
			buildSettings = {
				COMBINE_HIDPI_IMAGES = YES;
				COPY_PHASE_STRIP = NO;
				FRAMEWORK_SEARCH_PATHS = (
					"$(inherited)",
					"$(FRAMEWORK_SEARCH_PATHS_QUOTED_FOR_TARGET_1)",
				);
				FRAMEWORK_SEARCH_PATHS_QUOTED_FOR_TARGET_1 = "\"$(SRCROOT)/../../../libs/glut/lib/osx\"";
				GCC_DYNAMIC_NO_PIC = NO;
				GCC_GENERATE_DEBUGGING_SYMBOLS = YES;
				GCC_MODEL_TUNING = NONE;
				ICON = "$(ICON_NAME_DEBUG)";
				ICON_FILE = "$(ICON_FILE_PATH)$(ICON)";
				INFOPLIST_FILE = "openFrameworks-Info.plist";
				INSTALL_PATH = "$(HOME)/Applications";
				LIBRARY_SEARCH_PATHS = (
					"$(inherited)",
					"$(LIBRARY_SEARCH_PATHS_QUOTED_FOR_TARGET_1)",
					"$(LIBRARY_SEARCH_PATHS_QUOTED_FOR_TARGET_2)",
					"$(LIBRARY_SEARCH_PATHS_QUOTED_FOR_TARGET_3)",
					"$(LIBRARY_SEARCH_PATHS_QUOTED_FOR_TARGET_4)",
					"$(LIBRARY_SEARCH_PATHS_QUOTED_FOR_TARGET_5)",
					"$(LIBRARY_SEARCH_PATHS_QUOTED_FOR_TARGET_6)",
					"$(LIBRARY_SEARCH_PATHS_QUOTED_FOR_TARGET_7)",
					"$(LIBRARY_SEARCH_PATHS_QUOTED_FOR_TARGET_8)",
					"$(LIBRARY_SEARCH_PATHS_QUOTED_FOR_TARGET_9)",
					"$(LIBRARY_SEARCH_PATHS_QUOTED_FOR_TARGET_10)",
					"$(LIBRARY_SEARCH_PATHS_QUOTED_FOR_TARGET_11)",
					"$(LIBRARY_SEARCH_PATHS_QUOTED_FOR_TARGET_12)",
					"$(LIBRARY_SEARCH_PATHS_QUOTED_FOR_TARGET_13)",
					"$(LIBRARY_SEARCH_PATHS_QUOTED_FOR_TARGET_14)",
					"$(LIBRARY_SEARCH_PATHS_QUOTED_FOR_TARGET_15)",
					"$(LIBRARY_SEARCH_PATHS_QUOTED_FOR_TARGET_2)",
					"$(LIBRARY_SEARCH_PATHS_QUOTED_FOR_TARGET_3)",
					"$(LIBRARY_SEARCH_PATHS_QUOTED_FOR_TARGET_7)",
					"$(LIBRARY_SEARCH_PATHS_QUOTED_FOR_TARGET_8)",
					"$(LIBRARY_SEARCH_PATHS_QUOTED_FOR_TARGET_9)",
					"$(LIBRARY_SEARCH_PATHS_QUOTED_FOR_TARGET_10)",
					"$(LIBRARY_SEARCH_PATHS_QUOTED_FOR_TARGET_11)",
					"$(LIBRARY_SEARCH_PATHS_QUOTED_FOR_TARGET_12)",
					"$(LIBRARY_SEARCH_PATHS_QUOTED_FOR_TARGET_13)",
					"$(LIBRARY_SEARCH_PATHS_QUOTED_FOR_TARGET_16)",
					"$(LIBRARY_SEARCH_PATHS_QUOTED_FOR_TARGET_17)",
					"$(LIBRARY_SEARCH_PATHS_QUOTED_FOR_TARGET_18)",
					"$(LIBRARY_SEARCH_PATHS_QUOTED_FOR_TARGET_19)",
					"$(LIBRARY_SEARCH_PATHS_QUOTED_FOR_TARGET_20)",
					"$(LIBRARY_SEARCH_PATHS_QUOTED_FOR_TARGET_21)",
					"$(LIBRARY_SEARCH_PATHS_QUOTED_FOR_TARGET_22)",
					"$(LIBRARY_SEARCH_PATHS_QUOTED_FOR_TARGET_23)",
					"$(LIBRARY_SEARCH_PATHS_QUOTED_FOR_TARGET_24)",
					"$(LIBRARY_SEARCH_PATHS_QUOTED_FOR_TARGET_25)",
					"$(LIBRARY_SEARCH_PATHS_QUOTED_FOR_TARGET_26)",
					"$(LIBRARY_SEARCH_PATHS_QUOTED_FOR_TARGET_27)",
					"$(LIBRARY_SEARCH_PATHS_QUOTED_FOR_TARGET_28)",
					"$(LIBRARY_SEARCH_PATHS_QUOTED_FOR_TARGET_29)",
					"$(LIBRARY_SEARCH_PATHS_QUOTED_FOR_TARGET_30)",
					"$(LIBRARY_SEARCH_PATHS_QUOTED_FOR_TARGET_31)",
					"$(LIBRARY_SEARCH_PATHS_QUOTED_FOR_TARGET_32)",
					"$(LIBRARY_SEARCH_PATHS_QUOTED_FOR_TARGET_33)",
					"$(LIBRARY_SEARCH_PATHS_QUOTED_FOR_TARGET_34)",
					"$(LIBRARY_SEARCH_PATHS_QUOTED_FOR_TARGET_35)",
					"$(LIBRARY_SEARCH_PATHS_QUOTED_FOR_TARGET_36)",
					"$(LIBRARY_SEARCH_PATHS_QUOTED_FOR_TARGET_37)",
					"$(LIBRARY_SEARCH_PATHS_QUOTED_FOR_TARGET_38)",
					"$(LIBRARY_SEARCH_PATHS_QUOTED_FOR_TARGET_39)",
					"$(LIBRARY_SEARCH_PATHS_QUOTED_FOR_TARGET_40)",
					"$(LIBRARY_SEARCH_PATHS_QUOTED_FOR_TARGET_41)",
					"$(LIBRARY_SEARCH_PATHS_QUOTED_FOR_TARGET_42)",
					"$(LIBRARY_SEARCH_PATHS_QUOTED_FOR_TARGET_43)",
					"$(LIBRARY_SEARCH_PATHS_QUOTED_FOR_TARGET_44)",
					"$(LIBRARY_SEARCH_PATHS_QUOTED_FOR_TARGET_45)",
					"$(LIBRARY_SEARCH_PATHS_QUOTED_FOR_TARGET_46)",
					"$(LIBRARY_SEARCH_PATHS_QUOTED_FOR_TARGET_47)",
					"$(LIBRARY_SEARCH_PATHS_QUOTED_FOR_TARGET_48)",
					"$(LIBRARY_SEARCH_PATHS_QUOTED_FOR_TARGET_49)",
					"$(LIBRARY_SEARCH_PATHS_QUOTED_FOR_TARGET_50)",
					"$(LIBRARY_SEARCH_PATHS_QUOTED_FOR_TARGET_51)",
					"$(LIBRARY_SEARCH_PATHS_QUOTED_FOR_TARGET_52)",
					"$(BUILT_PRODUCTS_DIR)data/openni/lib",
					"$(PROJECT_DIR)/ofxOpenNI-master/lib",
				);
				PRODUCT_NAME = "$(TARGET_NAME)Debug";
				WRAPPER_EXTENSION = app;
			};
			name = Debug;
		};
		E4B69B610A3A1757003C02F2 /* Release */ = {
			isa = XCBuildConfiguration;
			buildSettings = {
				COMBINE_HIDPI_IMAGES = YES;
				COPY_PHASE_STRIP = YES;
				FRAMEWORK_SEARCH_PATHS = (
					"$(inherited)",
					"$(FRAMEWORK_SEARCH_PATHS_QUOTED_FOR_TARGET_1)",
				);
				FRAMEWORK_SEARCH_PATHS_QUOTED_FOR_TARGET_1 = "\"$(SRCROOT)/../../../libs/glut/lib/osx\"";
				GCC_GENERATE_DEBUGGING_SYMBOLS = YES;
				GCC_MODEL_TUNING = NONE;
				ICON = "$(ICON_NAME_RELEASE)";
				ICON_FILE = "$(ICON_FILE_PATH)$(ICON)";
				INFOPLIST_FILE = "openFrameworks-Info.plist";
				INSTALL_PATH = "$(HOME)/Applications";
				LIBRARY_SEARCH_PATHS = (
					"$(inherited)",
					"$(LIBRARY_SEARCH_PATHS_QUOTED_FOR_TARGET_1)",
					"$(LIBRARY_SEARCH_PATHS_QUOTED_FOR_TARGET_2)",
					"$(LIBRARY_SEARCH_PATHS_QUOTED_FOR_TARGET_3)",
					"$(LIBRARY_SEARCH_PATHS_QUOTED_FOR_TARGET_4)",
					"$(LIBRARY_SEARCH_PATHS_QUOTED_FOR_TARGET_5)",
					"$(LIBRARY_SEARCH_PATHS_QUOTED_FOR_TARGET_6)",
					"$(LIBRARY_SEARCH_PATHS_QUOTED_FOR_TARGET_7)",
					"$(LIBRARY_SEARCH_PATHS_QUOTED_FOR_TARGET_8)",
					"$(LIBRARY_SEARCH_PATHS_QUOTED_FOR_TARGET_9)",
					"$(LIBRARY_SEARCH_PATHS_QUOTED_FOR_TARGET_10)",
					"$(LIBRARY_SEARCH_PATHS_QUOTED_FOR_TARGET_11)",
					"$(LIBRARY_SEARCH_PATHS_QUOTED_FOR_TARGET_12)",
					"$(LIBRARY_SEARCH_PATHS_QUOTED_FOR_TARGET_13)",
					"$(LIBRARY_SEARCH_PATHS_QUOTED_FOR_TARGET_14)",
					"$(LIBRARY_SEARCH_PATHS_QUOTED_FOR_TARGET_15)",
					"$(LIBRARY_SEARCH_PATHS_QUOTED_FOR_TARGET_2)",
					"$(LIBRARY_SEARCH_PATHS_QUOTED_1)",
					"$(LIBRARY_SEARCH_PATHS_QUOTED_FOR_TARGET_3)",
					"$(LIBRARY_SEARCH_PATHS_QUOTED_FOR_TARGET_7)",
					"$(LIBRARY_SEARCH_PATHS_QUOTED_FOR_TARGET_8)",
					"$(LIBRARY_SEARCH_PATHS_QUOTED_FOR_TARGET_9)",
					"$(LIBRARY_SEARCH_PATHS_QUOTED_FOR_TARGET_10)",
					"$(LIBRARY_SEARCH_PATHS_QUOTED_FOR_TARGET_11)",
					"$(LIBRARY_SEARCH_PATHS_QUOTED_FOR_TARGET_12)",
					"$(LIBRARY_SEARCH_PATHS_QUOTED_FOR_TARGET_13)",
					"$(LIBRARY_SEARCH_PATHS_QUOTED_FOR_TARGET_16)",
					"$(LIBRARY_SEARCH_PATHS_QUOTED_FOR_TARGET_17)",
					"$(LIBRARY_SEARCH_PATHS_QUOTED_FOR_TARGET_18)",
					"$(LIBRARY_SEARCH_PATHS_QUOTED_FOR_TARGET_19)",
					"$(LIBRARY_SEARCH_PATHS_QUOTED_FOR_TARGET_20)",
					"$(LIBRARY_SEARCH_PATHS_QUOTED_FOR_TARGET_21)",
					"$(LIBRARY_SEARCH_PATHS_QUOTED_FOR_TARGET_22)",
					"$(LIBRARY_SEARCH_PATHS_QUOTED_FOR_TARGET_23)",
					"$(LIBRARY_SEARCH_PATHS_QUOTED_FOR_TARGET_24)",
					"$(LIBRARY_SEARCH_PATHS_QUOTED_FOR_TARGET_25)",
					"$(LIBRARY_SEARCH_PATHS_QUOTED_FOR_TARGET_26)",
					"$(LIBRARY_SEARCH_PATHS_QUOTED_FOR_TARGET_27)",
					"$(LIBRARY_SEARCH_PATHS_QUOTED_FOR_TARGET_28)",
					"$(LIBRARY_SEARCH_PATHS_QUOTED_FOR_TARGET_29)",
					"$(LIBRARY_SEARCH_PATHS_QUOTED_FOR_TARGET_30)",
					"$(LIBRARY_SEARCH_PATHS_QUOTED_FOR_TARGET_31)",
					"$(LIBRARY_SEARCH_PATHS_QUOTED_FOR_TARGET_32)",
					"$(LIBRARY_SEARCH_PATHS_QUOTED_FOR_TARGET_33)",
					"$(LIBRARY_SEARCH_PATHS_QUOTED_FOR_TARGET_34)",
					"$(LIBRARY_SEARCH_PATHS_QUOTED_FOR_TARGET_35)",
					"$(LIBRARY_SEARCH_PATHS_QUOTED_FOR_TARGET_36)",
					"$(LIBRARY_SEARCH_PATHS_QUOTED_FOR_TARGET_37)",
					"$(LIBRARY_SEARCH_PATHS_QUOTED_FOR_TARGET_38)",
					"$(LIBRARY_SEARCH_PATHS_QUOTED_FOR_TARGET_39)",
					"$(LIBRARY_SEARCH_PATHS_QUOTED_FOR_TARGET_40)",
					"$(LIBRARY_SEARCH_PATHS_QUOTED_FOR_TARGET_41)",
					"$(LIBRARY_SEARCH_PATHS_QUOTED_FOR_TARGET_42)",
					"$(LIBRARY_SEARCH_PATHS_QUOTED_FOR_TARGET_43)",
					"$(LIBRARY_SEARCH_PATHS_QUOTED_FOR_TARGET_44)",
					"$(LIBRARY_SEARCH_PATHS_QUOTED_FOR_TARGET_45)",
					"$(LIBRARY_SEARCH_PATHS_QUOTED_FOR_TARGET_46)",
					"$(LIBRARY_SEARCH_PATHS_QUOTED_FOR_TARGET_47)",
					"$(LIBRARY_SEARCH_PATHS_QUOTED_FOR_TARGET_48)",
					"$(LIBRARY_SEARCH_PATHS_QUOTED_FOR_TARGET_49)",
					"$(LIBRARY_SEARCH_PATHS_QUOTED_FOR_TARGET_50)",
					"$(LIBRARY_SEARCH_PATHS_QUOTED_FOR_TARGET_51)",
					"$(BUILT_PRODUCTS_DIR)data/openni/lib",
					"$(PROJECT_DIR)/ofxOpenNI-master/lib",
				);
				PRODUCT_NAME = "$(TARGET_NAME)";
				WRAPPER_EXTENSION = app;
			};
			name = Release;
		};
/* End XCBuildConfiguration section */

/* Begin XCConfigurationList section */
		E4B69B4D0A3A1720003C02F2 /* Build configuration list for PBXProject "DigitalCanvasGestures" */ = {
			isa = XCConfigurationList;
			buildConfigurations = (
				E4B69B4E0A3A1720003C02F2 /* Debug */,
				E4B69B4F0A3A1720003C02F2 /* Release */,
			);
			defaultConfigurationIsVisible = 0;
			defaultConfigurationName = Release;
		};
		E4B69B5F0A3A1757003C02F2 /* Build configuration list for PBXNativeTarget "DigitalCanvasGestures" */ = {
			isa = XCConfigurationList;
			buildConfigurations = (
				E4B69B600A3A1757003C02F2 /* Debug */,
				E4B69B610A3A1757003C02F2 /* Release */,
			);
			defaultConfigurationIsVisible = 0;
			defaultConfigurationName = Release;
		};
/* End XCConfigurationList section */
	};
	rootObject = E4B69B4C0A3A1720003C02F2 /* Project object */;
}
